
Microsoft Visual Studio Solution File, Format Version 12.00
# Visual Studio Version 16
VisualStudioVersion = 16.0.29215.179
MinimumVisualStudioVersion = 10.0.40219.1
Project("{8BC9CEB8-8B4A-11D0-8D11-00A0C91BC942}") = "ListasPOO", "ListasPOO.vcxproj", "{7E0D55C0-7A25-4B8F-99E6-5875EC38AEEE}"
EndProject
Global
	GlobalSection(SolutionConfigurationPlatforms) = preSolution
		Debug|x64 = Debug|x64
		Debug|x86 = Debug|x86
		Release|x64 = Release|x64
		Release|x86 = Release|x86
	EndGlobalSection
	GlobalSection(ProjectConfigurationPlatforms) = postSolution
		{7E0D55C0-7A25-4B8F-99E6-5875EC38AEEE}.Debug|x64.ActiveCfg = Debug|x64
		{7E0D55C0-7A25-4B8F-99E6-5875EC38AEEE}.Debug|x64.Build.0 = Debug|x64
		{7E0D55C0-7A25-4B8F-99E6-5875EC38AEEE}.Debug|x86.ActiveCfg = Debug|Win32
		{7E0D55C0-7A25-4B8F-99E6-5875EC38AEEE}.Debug|x86.Build.0 = Debug|Win32
		{7E0D55C0-7A25-4B8F-99E6-5875EC38AEEE}.Release|x64.ActiveCfg = Release|x64
		{7E0D55C0-7A25-4B8F-99E6-5875EC38AEEE}.Release|x64.Build.0 = Release|x64
		{7E0D55C0-7A25-4B8F-99E6-5875EC38AEEE}.Release|x86.ActiveCfg = Release|Win32
		{7E0D55C0-7A25-4B8F-99E6-5875EC38AEEE}.Release|x86.Build.0 = Release|Win32
	EndGlobalSection
	GlobalSection(SolutionProperties) = preSolution
		HideSolutionNode = FALSE
	EndGlobalSection
	GlobalSection(ExtensibilityGlobals) = postSolution
		SolutionGuid = {B92FC92D-FE6E-43F8-A023-03D5EF59D5C6}
	EndGlobalSection
EndGlobal
